
Microsoft Visual Studio Solution File, Format Version 12.00
# Visual Studio 15
VisualStudioVersion = 15.0.27130.2036
MinimumVisualStudioVersion = 10.0.40219.1
Project("{FAE04EC0-301F-11D3-BF4B-00C04F79EFBC}") = "Authentication", "Authentication\Authentication.csproj", "{767FC554-C77F-4D26-9C26-62ECF1DAC844}"
EndProject
Global
	GlobalSection(SolutionConfigurationPlatforms) = preSolution
		Debug|Any CPU = Debug|Any CPU
		Release|Any CPU = Release|Any CPU
	EndGlobalSection
	GlobalSection(ProjectConfigurationPlatforms) = postSolution
		{767FC554-C77F-4D26-9C26-62ECF1DAC844}.Debug|Any CPU.ActiveCfg = Debug|Any CPU
		{767FC554-C77F-4D26-9C26-62ECF1DAC844}.Debug|Any CPU.Build.0 = Debug|Any CPU
		{767FC554-C77F-4D26-9C26-62ECF1DAC844}.Release|Any CPU.ActiveCfg = Release|Any CPU
		{767FC554-C77F-4D26-9C26-62ECF1DAC844}.Release|Any CPU.Build.0 = Release|Any CPU
	EndGlobalSection
	GlobalSection(SolutionProperties) = preSolution
		HideSolutionNode = FALSE
	EndGlobalSection
	GlobalSection(ExtensibilityGlobals) = postSolution
		SolutionGuid = {4BE25852-6BF6-4E31-9792-AEBD70EA8C55}
	EndGlobalSection
EndGlobal
